
Microsoft Visual Studio Solution File, Format Version 12.00
# Visual Studio 15
Project("{FAE04EC0-301F-11D3-BF4B-00C04F79EFBC}") = "BackEndAPI", "BackEndAPI\BackEndAPI.csproj", "{DDF94F02-201C-4767-9E4D-8CF627B0731E}"
EndProject
Project("{FAE04EC0-301F-11D3-BF4B-00C04F79EFBC}") = "BLL.Test", "BLL.Test\BLL.Test.csproj", "{3D81BBC1-6A10-4848-8F11-07C14C730557}"
EndProject
Project("{FAE04EC0-301F-11D3-BF4B-00C04F79EFBC}") = "Infrastructure", "Infrastructure\Infrastructure.csproj", "{503ECB19-6E95-4EA8-8EA4-79703F48685D}"
EndProject
Project("{FAE04EC0-301F-11D3-BF4B-00C04F79EFBC}") = "SharedKernel", "SharedKernel\SharedKernel.csproj", "{337C49ED-4AFA-458E-87BE-0311B35D657D}"
EndProject
Project("{FAE04EC0-301F-11D3-BF4B-00C04F79EFBC}") = "Core", "Core\Core.csproj", "{8DF368A0-593D-4C3A-B30F-D71696446644}"
EndProject
Global
	GlobalSection(SolutionConfigurationPlatforms) = preSolution
		Debug|Any CPU = Debug|Any CPU
		Release|Any CPU = Release|Any CPU
	EndGlobalSection
	GlobalSection(ProjectConfigurationPlatforms) = postSolution
		{DDF94F02-201C-4767-9E4D-8CF627B0731E}.Debug|Any CPU.ActiveCfg = Debug|Any CPU
		{DDF94F02-201C-4767-9E4D-8CF627B0731E}.Debug|Any CPU.Build.0 = Debug|Any CPU
		{DDF94F02-201C-4767-9E4D-8CF627B0731E}.Release|Any CPU.ActiveCfg = Release|Any CPU
		{DDF94F02-201C-4767-9E4D-8CF627B0731E}.Release|Any CPU.Build.0 = Release|Any CPU
		{3D81BBC1-6A10-4848-8F11-07C14C730557}.Debug|Any CPU.ActiveCfg = Debug|Any CPU
		{3D81BBC1-6A10-4848-8F11-07C14C730557}.Debug|Any CPU.Build.0 = Debug|Any CPU
		{3D81BBC1-6A10-4848-8F11-07C14C730557}.Release|Any CPU.ActiveCfg = Release|Any CPU
		{3D81BBC1-6A10-4848-8F11-07C14C730557}.Release|Any CPU.Build.0 = Release|Any CPU
		{503ECB19-6E95-4EA8-8EA4-79703F48685D}.Debug|Any CPU.ActiveCfg = Debug|Any CPU
		{503ECB19-6E95-4EA8-8EA4-79703F48685D}.Debug|Any CPU.Build.0 = Debug|Any CPU
		{503ECB19-6E95-4EA8-8EA4-79703F48685D}.Release|Any CPU.ActiveCfg = Release|Any CPU
		{503ECB19-6E95-4EA8-8EA4-79703F48685D}.Release|Any CPU.Build.0 = Release|Any CPU
		{337C49ED-4AFA-458E-87BE-0311B35D657D}.Debug|Any CPU.ActiveCfg = Debug|Any CPU
		{337C49ED-4AFA-458E-87BE-0311B35D657D}.Debug|Any CPU.Build.0 = Debug|Any CPU
		{337C49ED-4AFA-458E-87BE-0311B35D657D}.Release|Any CPU.ActiveCfg = Release|Any CPU
		{337C49ED-4AFA-458E-87BE-0311B35D657D}.Release|Any CPU.Build.0 = Release|Any CPU
		{8DF368A0-593D-4C3A-B30F-D71696446644}.Debug|Any CPU.ActiveCfg = Debug|Any CPU
		{8DF368A0-593D-4C3A-B30F-D71696446644}.Debug|Any CPU.Build.0 = Debug|Any CPU
		{8DF368A0-593D-4C3A-B30F-D71696446644}.Release|Any CPU.ActiveCfg = Release|Any CPU
		{8DF368A0-593D-4C3A-B30F-D71696446644}.Release|Any CPU.Build.0 = Release|Any CPU
	EndGlobalSection
EndGlobal
